
Microsoft Visual Studio Solution File, Format Version 12.00
# Visual Studio Version 17
VisualStudioVersion = 17.3.32929.385
MinimumVisualStudioVersion = 10.0.40219.1
Project("{9A19103F-16F7-4668-BE54-9A1E7A4F7556}") = "AndroidBatchPackage", "AndroidBatchPackage\AndroidBatchPackage.csproj", "{F3F0F961-5D1C-4F58-8C15-24674BB5BD64}"
EndProject
Project("{FAE04EC0-301F-11D3-BF4B-00C04F79EFBC}") = "AndroidBatchPackageTest", "AndroidBatchPackageTest\AndroidBatchPackageTest.csproj", "{6468569A-A36E-47D9-A14B-E85FD05E5FDA}"
EndProject
Global
	GlobalSection(SolutionConfigurationPlatforms) = preSolution
		Debug|Any CPU = Debug|Any CPU
		Release|Any CPU = Release|Any CPU
	EndGlobalSection
	GlobalSection(ProjectConfigurationPlatforms) = postSolution
		{F3F0F961-5D1C-4F58-8C15-24674BB5BD64}.Debug|Any CPU.ActiveCfg = Debug|Any CPU
		{F3F0F961-5D1C-4F58-8C15-24674BB5BD64}.Debug|Any CPU.Build.0 = Debug|Any CPU
		{F3F0F961-5D1C-4F58-8C15-24674BB5BD64}.Release|Any CPU.ActiveCfg = Release|Any CPU
		{F3F0F961-5D1C-4F58-8C15-24674BB5BD64}.Release|Any CPU.Build.0 = Release|Any CPU
		{6468569A-A36E-47D9-A14B-E85FD05E5FDA}.Debug|Any CPU.ActiveCfg = Debug|Any CPU
		{6468569A-A36E-47D9-A14B-E85FD05E5FDA}.Debug|Any CPU.Build.0 = Debug|Any CPU
		{6468569A-A36E-47D9-A14B-E85FD05E5FDA}.Release|Any CPU.ActiveCfg = Release|Any CPU
		{6468569A-A36E-47D9-A14B-E85FD05E5FDA}.Release|Any CPU.Build.0 = Release|Any CPU
	EndGlobalSection
	GlobalSection(SolutionProperties) = preSolution
		HideSolutionNode = FALSE
	EndGlobalSection
	GlobalSection(ExtensibilityGlobals) = postSolution
		SolutionGuid = {F49F8899-9F67-4825-BBB9-4BF51192CD70}
	EndGlobalSection
EndGlobal
